
Microsoft Visual Studio Solution File, Format Version 12.00
# Visual Studio Version 16
VisualStudioVersion = 16.0.31025.194
MinimumVisualStudioVersion = 10.0.40219.1
Project("{FAE04EC0-301F-11D3-BF4B-00C04F79EFBC}") = "problem1", "problem1\problem1.csproj", "{97BA330C-EA01-4A08-81AC-52A2B72AA287}"
EndProject
Global
	GlobalSection(SolutionConfigurationPlatforms) = preSolution
		Debug|Any CPU = Debug|Any CPU
		Release|Any CPU = Release|Any CPU
	EndGlobalSection
	GlobalSection(ProjectConfigurationPlatforms) = postSolution
		{97BA330C-EA01-4A08-81AC-52A2B72AA287}.Debug|Any CPU.ActiveCfg = Debug|Any CPU
		{97BA330C-EA01-4A08-81AC-52A2B72AA287}.Debug|Any CPU.Build.0 = Debug|Any CPU
		{97BA330C-EA01-4A08-81AC-52A2B72AA287}.Release|Any CPU.ActiveCfg = Release|Any CPU
		{97BA330C-EA01-4A08-81AC-52A2B72AA287}.Release|Any CPU.Build.0 = Release|Any CPU
	EndGlobalSection
	GlobalSection(SolutionProperties) = preSolution
		HideSolutionNode = FALSE
	EndGlobalSection
	GlobalSection(ExtensibilityGlobals) = postSolution
		SolutionGuid = {CFAFC781-15F0-4428-B1CF-BD0543908B7F}
	EndGlobalSection
EndGlobal
