
Microsoft Visual Studio Solution File, Format Version 12.00
# Visual Studio Version 16
VisualStudioVersion = 16.0.31025.194
MinimumVisualStudioVersion = 10.0.40219.1
Project("{FAE04EC0-301F-11D3-BF4B-00C04F79EFBC}") = "CayleyTree", "CaleyTree\CayleyTree.csproj", "{CAD29448-3DA8-4520-A5F9-4E7B8F690E7B}"
EndProject
Global
	GlobalSection(SolutionConfigurationPlatforms) = preSolution
		Debug|Any CPU = Debug|Any CPU
		Release|Any CPU = Release|Any CPU
	EndGlobalSection
	GlobalSection(ProjectConfigurationPlatforms) = postSolution
		{CAD29448-3DA8-4520-A5F9-4E7B8F690E7B}.Debug|Any CPU.ActiveCfg = Debug|Any CPU
		{CAD29448-3DA8-4520-A5F9-4E7B8F690E7B}.Debug|Any CPU.Build.0 = Debug|Any CPU
		{CAD29448-3DA8-4520-A5F9-4E7B8F690E7B}.Release|Any CPU.ActiveCfg = Release|Any CPU
		{CAD29448-3DA8-4520-A5F9-4E7B8F690E7B}.Release|Any CPU.Build.0 = Release|Any CPU
	EndGlobalSection
	GlobalSection(SolutionProperties) = preSolution
		HideSolutionNode = FALSE
	EndGlobalSection
	GlobalSection(ExtensibilityGlobals) = postSolution
		SolutionGuid = {B438EBA1-5DD2-4D43-A0B6-3B78E2170FDC}
	EndGlobalSection
EndGlobal
