
Microsoft Visual Studio Solution File, Format Version 12.00
# Visual Studio Version 16
VisualStudioVersion = 16.0.31025.194
MinimumVisualStudioVersion = 10.0.40219.1
Project("{9A19103F-16F7-4668-BE54-9A1E7A4F7556}") = "problem1", "problem1\problem1.csproj", "{F227484C-7D10-4AE4-A8C8-834A43046479}"
EndProject
Project("{FAE04EC0-301F-11D3-BF4B-00C04F79EFBC}") = "problem2", "problem2\problem2.csproj", "{499F5660-EF98-4D53-AD7E-2EEF618F0B2B}"
EndProject
Project("{FAE04EC0-301F-11D3-BF4B-00C04F79EFBC}") = "problem3", "problem3\problem3.csproj", "{5DF4BB02-C975-42D7-8279-3606D69A711C}"
EndProject
Project("{FAE04EC0-301F-11D3-BF4B-00C04F79EFBC}") = "problem4", "problem4\problem4.csproj", "{21805280-7A62-4A2B-A41C-7FA84D6949A9}"
EndProject
Global
	GlobalSection(SolutionConfigurationPlatforms) = preSolution
		Debug|Any CPU = Debug|Any CPU
		Release|Any CPU = Release|Any CPU
	EndGlobalSection
	GlobalSection(ProjectConfigurationPlatforms) = postSolution
		{F227484C-7D10-4AE4-A8C8-834A43046479}.Debug|Any CPU.ActiveCfg = Debug|Any CPU
		{F227484C-7D10-4AE4-A8C8-834A43046479}.Debug|Any CPU.Build.0 = Debug|Any CPU
		{F227484C-7D10-4AE4-A8C8-834A43046479}.Release|Any CPU.ActiveCfg = Release|Any CPU
		{F227484C-7D10-4AE4-A8C8-834A43046479}.Release|Any CPU.Build.0 = Release|Any CPU
		{499F5660-EF98-4D53-AD7E-2EEF618F0B2B}.Debug|Any CPU.ActiveCfg = Debug|Any CPU
		{499F5660-EF98-4D53-AD7E-2EEF618F0B2B}.Debug|Any CPU.Build.0 = Debug|Any CPU
		{499F5660-EF98-4D53-AD7E-2EEF618F0B2B}.Release|Any CPU.ActiveCfg = Release|Any CPU
		{499F5660-EF98-4D53-AD7E-2EEF618F0B2B}.Release|Any CPU.Build.0 = Release|Any CPU
		{5DF4BB02-C975-42D7-8279-3606D69A711C}.Debug|Any CPU.ActiveCfg = Debug|Any CPU
		{5DF4BB02-C975-42D7-8279-3606D69A711C}.Debug|Any CPU.Build.0 = Debug|Any CPU
		{5DF4BB02-C975-42D7-8279-3606D69A711C}.Release|Any CPU.ActiveCfg = Release|Any CPU
		{5DF4BB02-C975-42D7-8279-3606D69A711C}.Release|Any CPU.Build.0 = Release|Any CPU
		{21805280-7A62-4A2B-A41C-7FA84D6949A9}.Debug|Any CPU.ActiveCfg = Debug|Any CPU
		{21805280-7A62-4A2B-A41C-7FA84D6949A9}.Debug|Any CPU.Build.0 = Debug|Any CPU
		{21805280-7A62-4A2B-A41C-7FA84D6949A9}.Release|Any CPU.ActiveCfg = Release|Any CPU
		{21805280-7A62-4A2B-A41C-7FA84D6949A9}.Release|Any CPU.Build.0 = Release|Any CPU
	EndGlobalSection
	GlobalSection(SolutionProperties) = preSolution
		HideSolutionNode = FALSE
	EndGlobalSection
	GlobalSection(ExtensibilityGlobals) = postSolution
		SolutionGuid = {E3925682-2261-422B-B2CB-46A64423EB02}
	EndGlobalSection
EndGlobal
