
Microsoft Visual Studio Solution File, Format Version 12.00
# Visual Studio Version 16
VisualStudioVersion = 16.0.31025.194
MinimumVisualStudioVersion = 10.0.40219.1
Project("{FAE04EC0-301F-11D3-BF4B-00C04F79EFBC}") = "OrderSQL", "OrderSQL\OrderSQL.csproj", "{D75B9EB4-EA3B-4C07-AA46-D7EA4CA1597A}"
EndProject
Global
	GlobalSection(SolutionConfigurationPlatforms) = preSolution
		Debug|Any CPU = Debug|Any CPU
		Release|Any CPU = Release|Any CPU
	EndGlobalSection
	GlobalSection(ProjectConfigurationPlatforms) = postSolution
		{D75B9EB4-EA3B-4C07-AA46-D7EA4CA1597A}.Debug|Any CPU.ActiveCfg = Debug|Any CPU
		{D75B9EB4-EA3B-4C07-AA46-D7EA4CA1597A}.Debug|Any CPU.Build.0 = Debug|Any CPU
		{D75B9EB4-EA3B-4C07-AA46-D7EA4CA1597A}.Release|Any CPU.ActiveCfg = Release|Any CPU
		{D75B9EB4-EA3B-4C07-AA46-D7EA4CA1597A}.Release|Any CPU.Build.0 = Release|Any CPU
	EndGlobalSection
	GlobalSection(SolutionProperties) = preSolution
		HideSolutionNode = FALSE
	EndGlobalSection
	GlobalSection(ExtensibilityGlobals) = postSolution
		SolutionGuid = {237D32FA-5A5E-4F28-9943-29416DDCDF8C}
	EndGlobalSection
EndGlobal
