
Microsoft Visual Studio Solution File, Format Version 12.00
# Visual Studio Version 16
VisualStudioVersion = 16.0.31025.194
MinimumVisualStudioVersion = 10.0.40219.1
Project("{FAE04EC0-301F-11D3-BF4B-00C04F79EFBC}") = "OrderForm", "OrderForm\OrderForm.csproj", "{16F2152C-CC10-4BE4-9395-4121C459B5CB}"
EndProject
Project("{9A19103F-16F7-4668-BE54-9A1E7A4F7556}") = "Order", "D:\projects\C#\DotNetHomework\homework5\problem1\Order.csproj", "{955BC6D8-D5F7-4B2A-AE48-AA38A2C853E6}"
EndProject
Global
	GlobalSection(SolutionConfigurationPlatforms) = preSolution
		Debug|Any CPU = Debug|Any CPU
		Release|Any CPU = Release|Any CPU
	EndGlobalSection
	GlobalSection(ProjectConfigurationPlatforms) = postSolution
		{16F2152C-CC10-4BE4-9395-4121C459B5CB}.Debug|Any CPU.ActiveCfg = Debug|Any CPU
		{16F2152C-CC10-4BE4-9395-4121C459B5CB}.Debug|Any CPU.Build.0 = Debug|Any CPU
		{16F2152C-CC10-4BE4-9395-4121C459B5CB}.Release|Any CPU.ActiveCfg = Release|Any CPU
		{16F2152C-CC10-4BE4-9395-4121C459B5CB}.Release|Any CPU.Build.0 = Release|Any CPU
		{955BC6D8-D5F7-4B2A-AE48-AA38A2C853E6}.Debug|Any CPU.ActiveCfg = Debug|Any CPU
		{955BC6D8-D5F7-4B2A-AE48-AA38A2C853E6}.Debug|Any CPU.Build.0 = Debug|Any CPU
		{955BC6D8-D5F7-4B2A-AE48-AA38A2C853E6}.Release|Any CPU.ActiveCfg = Release|Any CPU
		{955BC6D8-D5F7-4B2A-AE48-AA38A2C853E6}.Release|Any CPU.Build.0 = Release|Any CPU
	EndGlobalSection
	GlobalSection(SolutionProperties) = preSolution
		HideSolutionNode = FALSE
	EndGlobalSection
	GlobalSection(ExtensibilityGlobals) = postSolution
		SolutionGuid = {F7028C8C-2B8C-4430-8857-9E0D2DA58089}
	EndGlobalSection
EndGlobal
